// !$*UTF8*$!
{
	archiveVersion = 1;
	classes = {
	};
	objectVersion = 46;
	objects = {

/* Begin PBXBuildFile section */
		BC6389071C8A1B8B00842E9C /* AppDelegate.swift in Sources */ = {isa = PBXBuildFile; fileRef = BC6389061C8A1B8B00842E9C /* AppDelegate.swift */; };
		BC6389091C8A1B8B00842E9C /* ViewController.swift in Sources */ = {isa = PBXBuildFile; fileRef = BC6389081C8A1B8B00842E9C /* ViewController.swift */; };
		BC63890C1C8A1B8B00842E9C /* Main.storyboard in Resources */ = {isa = PBXBuildFile; fileRef = BC63890A1C8A1B8B00842E9C /* Main.storyboard */; };
		BC63890F1C8A1B8B00842E9C /* TripHistory.xcdatamodeld in Sources */ = {isa = PBXBuildFile; fileRef = BC63890D1C8A1B8B00842E9C /* TripHistory.xcdatamodeld */; };
		BC6389111C8A1B8B00842E9C /* Assets.xcassets in Resources */ = {isa = PBXBuildFile; fileRef = BC6389101C8A1B8B00842E9C /* Assets.xcassets */; };
		BC6389141C8A1B8B00842E9C /* LaunchScreen.storyboard in Resources */ = {isa = PBXBuildFile; fileRef = BC6389121C8A1B8B00842E9C /* LaunchScreen.storyboard */; };
/* End PBXBuildFile section */

/* Begin PBXFileReference section */
		BC6389031C8A1B8B00842E9C /* TripHistory.app */ = {isa = PBXFileReference; explicitFileType = wrapper.application; includeInIndex = 0; path = TripHistory.app; sourceTree = BUILT_PRODUCTS_DIR; };
		BC6389061C8A1B8B00842E9C /* AppDelegate.swift */ = {isa = PBXFileReference; lastKnownFileType = sourcecode.swift; path = AppDelegate.swift; sourceTree = "<group>"; };
		BC6389081C8A1B8B00842E9C /* ViewController.swift */ = {isa = PBXFileReference; lastKnownFileType = sourcecode.swift; path = ViewController.swift; sourceTree = "<group>"; };
		BC63890B1C8A1B8B00842E9C /* Base */ = {isa = PBXFileReference; lastKnownFileType = file.storyboard; name = Base; path = Base.lproj/Main.storyboard; sourceTree = "<group>"; };
		BC63890E1C8A1B8B00842E9C /* TripHistory.xcdatamodel */ = {isa = PBXFileReference; lastKnownFileType = wrapper.xcdatamodel; path = TripHistory.xcdatamodel; sourceTree = "<group>"; };
		BC6389101C8A1B8B00842E9C /* Assets.xcassets */ = {isa = PBXFileReference; lastKnownFileType = folder.assetcatalog; path = Assets.xcassets; sourceTree = "<group>"; };
		BC6389131C8A1B8B00842E9C /* Base */ = {isa = PBXFileReference; lastKnownFileType = file.storyboard; name = Base; path = Base.lproj/LaunchScreen.storyboard; sourceTree = "<group>"; };
		BC6389151C8A1B8B00842E9C /* Info.plist */ = {isa = PBXFileReference; lastKnownFileType = text.plist.xml; path = Info.plist; sourceTree = "<group>"; };
/* End PBXFileReference section */

/* Begin PBXFrameworksBuildPhase section */
		BC6389001C8A1B8B00842E9C /* Frameworks */ = {
			isa = PBXFrameworksBuildPhase;
			buildActionMask = 2147483647;
			files = (
			);
			runOnlyForDeploymentPostprocessing = 0;
		};
/* End PBXFrameworksBuildPhase section */

/* Begin PBXGroup section */
		BC6388FA1C8A1B8B00842E9C = {
			isa = PBXGroup;
			children = (
				BC6389051C8A1B8B00842E9C /* TripHistory */,
				BC6389041C8A1B8B00842E9C /* Products */,
			);
			sourceTree = "<group>";
		};
		BC6389041C8A1B8B00842E9C /* Products */ = {
			isa = PBXGroup;
			children = (
				BC6389031C8A1B8B00842E9C /* TripHistory.app */,
			);
			name = Products;
			sourceTree = "<group>";
		};
		BC6389051C8A1B8B00842E9C /* TripHistory */ = {
			isa = PBXGroup;
			children = (
				BC6389061C8A1B8B00842E9C /* AppDelegate.swift */,
				BC6389081C8A1B8B00842E9C /* ViewController.swift */,
				BC63890A1C8A1B8B00842E9C /* Main.storyboard */,
				BC6389101C8A1B8B00842E9C /* Assets.xcassets */,
				BC6389121C8A1B8B00842E9C /* LaunchScreen.storyboard */,
				BC6389151C8A1B8B00842E9C /* Info.plist */,
				BC63890D1C8A1B8B00842E9C /* TripHistory.xcdatamodeld */,
			);
			path = TripHistory;
			sourceTree = "<group>";
		};
/* End PBXGroup section */

/* Begin PBXNativeTarget section */
		BC6389021C8A1B8B00842E9C /* TripHistory */ = {
			isa = PBXNativeTarget;
			buildConfigurationList = BC6389181C8A1B8B00842E9C /* Build configuration list for PBXNativeTarget "TripHistory" */;
			buildPhases = (
				BC6388FF1C8A1B8B00842E9C /* Sources */,
				BC6389001C8A1B8B00842E9C /* Frameworks */,
				BC6389011C8A1B8B00842E9C /* Resources */,
			);
			buildRules = (
			);
			dependencies = (
			);
			name = TripHistory;
			productName = TripHistory;
			productReference = BC6389031C8A1B8B00842E9C /* TripHistory.app */;
			productType = "com.apple.product-type.application";
		};
/* End PBXNativeTarget section */

/* Begin PBXProject section */
		BC6388FB1C8A1B8B00842E9C /* Project object */ = {
			isa = PBXProject;
			attributes = {
				LastSwiftUpdateCheck = 0720;
				LastUpgradeCheck = 0720;
				ORGANIZATIONNAME = "Ignacio Inglese";
				TargetAttributes = {
					BC6389021C8A1B8B00842E9C = {
						CreatedOnToolsVersion = 7.2.1;
					};
				};
			};
			buildConfigurationList = BC6388FE1C8A1B8B00842E9C /* Build configuration list for PBXProject "TripHistory" */;
			compatibilityVersion = "Xcode 3.2";
			developmentRegion = English;
			hasScannedForEncodings = 0;
			knownRegions = (
				en,
				Base,
			);
			mainGroup = BC6388FA1C8A1B8B00842E9C;
			productRefGroup = BC6389041C8A1B8B00842E9C /* Products */;
			projectDirPath = "";
			projectRoot = "";
			targets = (
				BC6389021C8A1B8B00842E9C /* TripHistory */,
			);
		};
/* End PBXProject section */

/* Begin PBXResourcesBuildPhase section */
		BC6389011C8A1B8B00842E9C /* Resources */ = {
			isa = PBXResourcesBuildPhase;
			buildActionMask = 2147483647;
			files = (
				BC6389141C8A1B8B00842E9C /* LaunchScreen.storyboard in Resources */,
				BC6389111C8A1B8B00842E9C /* Assets.xcassets in Resources */,
				BC63890C1C8A1B8B00842E9C /* Main.storyboard in Resources */,
			);
			runOnlyForDeploymentPostprocessing = 0;
		};
/* End PBXResourcesBuildPhase section */

/* Begin PBXSourcesBuildPhase section */
		BC6388FF1C8A1B8B00842E9C /* Sources */ = {
			isa = PBXSourcesBuildPhase;
			buildActionMask = 2147483647;
			files = (
				BC6389091C8A1B8B00842E9C /* ViewController.swift in Sources */,
				BC63890F1C8A1B8B00842E9C /* TripHistory.xcdatamodeld in Sources */,
				BC6389071C8A1B8B00842E9C /* AppDelegate.swift in Sources */,
			);
			runOnlyForDeploymentPostprocessing = 0;
		};
/* End PBXSourcesBuildPhase section */

/* Begin PBXVariantGroup section */
		BC63890A1C8A1B8B00842E9C /* Main.storyboard */ = {
			isa = PBXVariantGroup;
			children = (
				BC63890B1C8A1B8B00842E9C /* Base */,
			);
			name = Main.storyboard;
			sourceTree = "<group>";
		};
		BC6389121C8A1B8B00842E9C /* LaunchScreen.storyboard */ = {
			isa = PBXVariantGroup;
			children = (
				BC6389131C8A1B8B00842E9C /* Base */,
			);
			name = LaunchScreen.storyboard;
			sourceTree = "<group>";
		};
/* End PBXVariantGroup section */

/* Begin XCBuildConfiguration section */
		BC6389161C8A1B8B00842E9C /* Debug */ = {
			isa = XCBuildConfiguration;
			buildSettings = {
				ALWAYS_SEARCH_USER_PATHS = NO;
				CLANG_CXX_LANGUAGE_STANDARD = "gnu++0x";
				CLANG_CXX_LIBRARY = "libc++";
				CLANG_ENABLE_MODULES = YES;
				CLANG_ENABLE_OBJC_ARC = YES;
				CLANG_WARN_BOOL_CONVERSION = YES;
				CLANG_WARN_CONSTANT_CONVERSION = YES;
				CLANG_WARN_DIRECT_OBJC_ISA_USAGE = YES_ERROR;
				CLANG_WARN_EMPTY_BODY = YES;
				CLANG_WARN_ENUM_CONVERSION = YES;
				CLANG_WARN_INT_CONVERSION = YES;
				CLANG_WARN_OBJC_ROOT_CLASS = YES_ERROR;
				CLANG_WARN_UNREACHABLE_CODE = YES;
				CLANG_WARN__DUPLICATE_METHOD_MATCH = YES;
				"CODE_SIGN_IDENTITY[sdk=iphoneos*]" = "iPhone Developer";
				COPY_PHASE_STRIP = NO;
				DEBUG_INFORMATION_FORMAT = dwarf;
				ENABLE_STRICT_OBJC_MSGSEND = YES;
				ENABLE_TESTABILITY = YES;
				GCC_C_LANGUAGE_STANDARD = gnu99;
				GCC_DYNAMIC_NO_PIC = NO;
				GCC_NO_COMMON_BLOCKS = YES;
				GCC_OPTIMIZATION_LEVEL = 0;
				GCC_PREPROCESSOR_DEFINITIONS = (
					"DEBUG=1",
					"$(inherited)",
				);
				GCC_WARN_64_TO_32_BIT_CONVERSION = YES;
				GCC_WARN_ABOUT_RETURN_TYPE = YES_ERROR;
				GCC_WARN_UNDECLARED_SELECTOR = YES;
				GCC_WARN_UNINITIALIZED_AUTOS = YES_AGGRESSIVE;
				GCC_WARN_UNUSED_FUNCTION = YES;
				GCC_WARN_UNUSED_VARIABLE = YES;
				IPHONEOS_DEPLOYMENT_TARGET = 9.2;
				MTL_ENABLE_DEBUG_INFO = YES;
				ONLY_ACTIVE_ARCH = YES;
				SDKROOT = iphoneos;
				SWIFT_OPTIMIZATION_LEVEL = "-Onone";
			};
			name = Debug;
		};
		BC6389171C8A1B8B00842E9C /* Release */ = {
			isa = XCBuildConfiguration;
			buildSettings = {
				ALWAYS_SEARCH_USER_PATHS = NO;
				CLANG_CXX_LANGUAGE_STANDARD = "gnu++0x";
				CLANG_CXX_LIBRARY = "libc++";
				CLANG_ENABLE_MODULES = YES;
				CLANG_ENABLE_OBJC_ARC = YES;
				CLANG_WARN_BOOL_CONVERSION = YES;
				CLANG_WARN_CONSTANT_CONVERSION = YES;
				CLANG_WARN_DIRECT_OBJC_ISA_USAGE = YES_ERROR;
				CLANG_WARN_EMPTY_BODY = YES;
				CLANG_WARN_ENUM_CONVERSION = YES;
				CLANG_WARN_INT_CONVERSION = YES;
				CLANG_WARN_OBJC_ROOT_CLASS = YES_ERROR;
				CLANG_WARN_UNREACHABLE_CODE = YES;
				CLANG_WARN__DUPLICATE_METHOD_MATCH = YES;
				"CODE_SIGN_IDENTITY[sdk=iphoneos*]" = "iPhone Developer";
				COPY_PHASE_STRIP = NO;
				DEBUG_INFORMATION_FORMAT = "dwarf-with-dsym";
				ENABLE_NS_ASSERTIONS = NO;
				ENABLE_STRICT_OBJC_MSGSEND = YES;
				GCC_C_LANGUAGE_STANDARD = gnu99;
				GCC_NO_COMMON_BLOCKS = YES;
				GCC_WARN_64_TO_32_BIT_CONVERSION = YES;
				GCC_WARN_ABOUT_RETURN_TYPE = YES_ERROR;
				GCC_WARN_UNDECLARED_SELECTOR = YES;
				GCC_WARN_UNINITIALIZED_AUTOS = YES_AGGRESSIVE;
				GCC_WARN_UNUSED_FUNCTION = YES;
				GCC_WARN_UNUSED_VARIABLE = YES;
				IPHONEOS_DEPLOYMENT_TARGET = 9.2;
				MTL_ENABLE_DEBUG_INFO = NO;
				SDKROOT = iphoneos;
				VALIDATE_PRODUCT = YES;
			};
			name = Release;
		};
		BC6389191C8A1B8B00842E9C /* Debug */ = {
			isa = XCBuildConfiguration;
			buildSettings = {
				ASSETCATALOG_COMPILER_APPICON_NAME = AppIcon;
				INFOPLIST_FILE = TripHistory/Info.plist;
				LD_RUNPATH_SEARCH_PATHS = "$(inherited) @executable_path/Frameworks";
				PRODUCT_BUNDLE_IDENTIFIER = com.ignacioinglese.TripHistory;
				PRODUCT_NAME = "$(TARGET_NAME)";
			};
			name = Debug;
		};
		BC63891A1C8A1B8B00842E9C /* Release */ = {
			isa = XCBuildConfiguration;
			buildSettings = {
				ASSETCATALOG_COMPILER_APPICON_NAME = AppIcon;
				INFOPLIST_FILE = TripHistory/Info.plist;
				LD_RUNPATH_SEARCH_PATHS = "$(inherited) @executable_path/Frameworks";
				PRODUCT_BUNDLE_IDENTIFIER = com.ignacioinglese.TripHistory;
				PRODUCT_NAME = "$(TARGET_NAME)";
			};
			name = Release;
		};
/* End XCBuildConfiguration section */

/* Begin XCConfigurationList section */
		BC6388FE1C8A1B8B00842E9C /* Build configuration list for PBXProject "TripHistory" */ = {
			isa = XCConfigurationList;
			buildConfigurations = (
				BC6389161C8A1B8B00842E9C /* Debug */,
				BC6389171C8A1B8B00842E9C /* Release */,
			);
			defaultConfigurationIsVisible = 0;
			defaultConfigurationName = Release;
		};
		BC6389181C8A1B8B00842E9C /* Build configuration list for PBXNativeTarget "TripHistory" */ = {
			isa = XCConfigurationList;
			buildConfigurations = (
				BC6389191C8A1B8B00842E9C /* Debug */,
				BC63891A1C8A1B8B00842E9C /* Release */,
			);
			defaultConfigurationIsVisible = 0;
		};
/* End XCConfigurationList section */

/* Begin XCVersionGroup section */
		BC63890D1C8A1B8B00842E9C /* TripHistory.xcdatamodeld */ = {
			isa = XCVersionGroup;
			children = (
				BC63890E1C8A1B8B00842E9C /* TripHistory.xcdatamodel */,
			);
			currentVersion = BC63890E1C8A1B8B00842E9C /* TripHistory.xcdatamodel */;
			path = TripHistory.xcdatamodeld;
			sourceTree = "<group>";
			versionGroupType = wrapper.xcdatamodel;
		};
/* End XCVersionGroup section */
	};
	rootObject = BC6388FB1C8A1B8B00842E9C /* Project object */;
}
